
Microsoft Visual Studio Solution File, Format Version 12.00
# Visual Studio Version 17
VisualStudioVersion = 17.7.34024.191
MinimumVisualStudioVersion = 10.0.40219.1
Project("{9A19103F-16F7-4668-BE54-9A1E7A4F7556}") = "Data Types and Variables - Exercise", "Data Types and Variables - Exercise\Data Types and Variables - Exercise.csproj", "{C78CF1A3-D951-4531-958E-01D9F706E7E8}"
EndProject
Project("{9A19103F-16F7-4668-BE54-9A1E7A4F7556}") = "01.IntegerOperations", "01.IntegerOperations\01.IntegerOperations.csproj", "{5D021528-2E01-4A9A-B41B-B415C5D2D542}"
EndProject
Project("{9A19103F-16F7-4668-BE54-9A1E7A4F7556}") = "02.SumDigits", "02.SumDigits\02.SumDigits.csproj", "{32E0807C-96F1-4E90-8CA0-3F5FDF6F04CE}"
EndProject
Project("{9A19103F-16F7-4668-BE54-9A1E7A4F7556}") = "03.Elevator", "03.Elevator\03.Elevator.csproj", "{445FFCC3-FCC6-4297-8FF8-FABFFB6EA385}"
EndProject
Project("{9A19103F-16F7-4668-BE54-9A1E7A4F7556}") = "04.SumOfChars", "04.SumOfChars\04.SumOfChars.csproj", "{1E8DE28D-D3A2-4E0F-955F-0FA37E847F96}"
EndProject
Project("{9A19103F-16F7-4668-BE54-9A1E7A4F7556}") = "05.PrintPartOfTheASCIITable", "05.PrintPartOfTheASCIITable\05.PrintPartOfTheASCIITable.csproj", "{289AEF64-26E0-4466-AD0D-DB6E2E6E2B69}"
EndProject
Project("{9A19103F-16F7-4668-BE54-9A1E7A4F7556}") = "06.TriolesOfLatinsLatters", "06.TriolesOfLatinsLatters\06.TriolesOfLatinsLatters.csproj", "{1F26E206-C217-4DC9-9916-DC227CD97811}"
EndProject
Project("{9A19103F-16F7-4668-BE54-9A1E7A4F7556}") = "07.WaterOverflow", "07.WaterOverflow\07.WaterOverflow.csproj", "{02A702F4-8428-449C-BB36-71B403719384}"
EndProject
Project("{9A19103F-16F7-4668-BE54-9A1E7A4F7556}") = "08.BeerKegs", "08.BeerKegs\08.BeerKegs.csproj", "{234E6363-C68A-4B73-B64F-57857AA987D6}"
EndProject
Project("{9A19103F-16F7-4668-BE54-9A1E7A4F7556}") = "09.SpiceMustFlow", "09.SpiceMustFlow\09.SpiceMustFlow.csproj", "{732E44AF-D751-4C3A-AF1E-C3E7710E2EA7}"
EndProject
Project("{FAE04EC0-301F-11D3-BF4B-00C04F79EFBC}") = "10.Poke Mon", "10.Poke Mon\10.Poke Mon.csproj", "{1D63F61E-9467-45DA-805C-91922F90CDDB}"
EndProject
Project("{FAE04EC0-301F-11D3-BF4B-00C04F79EFBC}") = "11.Snowballs", "11.Snowballs\11.Snowballs.csproj", "{29229F36-1247-49C1-A58B-6C48737FF9B8}"
EndProject
Global
	GlobalSection(SolutionConfigurationPlatforms) = preSolution
		Debug|Any CPU = Debug|Any CPU
		Release|Any CPU = Release|Any CPU
	EndGlobalSection
	GlobalSection(ProjectConfigurationPlatforms) = postSolution
		{C78CF1A3-D951-4531-958E-01D9F706E7E8}.Debug|Any CPU.ActiveCfg = Debug|Any CPU
		{C78CF1A3-D951-4531-958E-01D9F706E7E8}.Debug|Any CPU.Build.0 = Debug|Any CPU
		{C78CF1A3-D951-4531-958E-01D9F706E7E8}.Release|Any CPU.ActiveCfg = Release|Any CPU
		{C78CF1A3-D951-4531-958E-01D9F706E7E8}.Release|Any CPU.Build.0 = Release|Any CPU
		{5D021528-2E01-4A9A-B41B-B415C5D2D542}.Debug|Any CPU.ActiveCfg = Debug|Any CPU
		{5D021528-2E01-4A9A-B41B-B415C5D2D542}.Debug|Any CPU.Build.0 = Debug|Any CPU
		{5D021528-2E01-4A9A-B41B-B415C5D2D542}.Release|Any CPU.ActiveCfg = Release|Any CPU
		{5D021528-2E01-4A9A-B41B-B415C5D2D542}.Release|Any CPU.Build.0 = Release|Any CPU
		{32E0807C-96F1-4E90-8CA0-3F5FDF6F04CE}.Debug|Any CPU.ActiveCfg = Debug|Any CPU
		{32E0807C-96F1-4E90-8CA0-3F5FDF6F04CE}.Debug|Any CPU.Build.0 = Debug|Any CPU
		{32E0807C-96F1-4E90-8CA0-3F5FDF6F04CE}.Release|Any CPU.ActiveCfg = Release|Any CPU
		{32E0807C-96F1-4E90-8CA0-3F5FDF6F04CE}.Release|Any CPU.Build.0 = Release|Any CPU
		{445FFCC3-FCC6-4297-8FF8-FABFFB6EA385}.Debug|Any CPU.ActiveCfg = Debug|Any CPU
		{445FFCC3-FCC6-4297-8FF8-FABFFB6EA385}.Debug|Any CPU.Build.0 = Debug|Any CPU
		{445FFCC3-FCC6-4297-8FF8-FABFFB6EA385}.Release|Any CPU.ActiveCfg = Release|Any CPU
		{445FFCC3-FCC6-4297-8FF8-FABFFB6EA385}.Release|Any CPU.Build.0 = Release|Any CPU
		{1E8DE28D-D3A2-4E0F-955F-0FA37E847F96}.Debug|Any CPU.ActiveCfg = Debug|Any CPU
		{1E8DE28D-D3A2-4E0F-955F-0FA37E847F96}.Debug|Any CPU.Build.0 = Debug|Any CPU
		{1E8DE28D-D3A2-4E0F-955F-0FA37E847F96}.Release|Any CPU.ActiveCfg = Release|Any CPU
		{1E8DE28D-D3A2-4E0F-955F-0FA37E847F96}.Release|Any CPU.Build.0 = Release|Any CPU
		{289AEF64-26E0-4466-AD0D-DB6E2E6E2B69}.Debug|Any CPU.ActiveCfg = Debug|Any CPU
		{289AEF64-26E0-4466-AD0D-DB6E2E6E2B69}.Debug|Any CPU.Build.0 = Debug|Any CPU
		{289AEF64-26E0-4466-AD0D-DB6E2E6E2B69}.Release|Any CPU.ActiveCfg = Release|Any CPU
		{289AEF64-26E0-4466-AD0D-DB6E2E6E2B69}.Release|Any CPU.Build.0 = Release|Any CPU
		{1F26E206-C217-4DC9-9916-DC227CD97811}.Debug|Any CPU.ActiveCfg = Debug|Any CPU
		{1F26E206-C217-4DC9-9916-DC227CD97811}.Debug|Any CPU.Build.0 = Debug|Any CPU
		{1F26E206-C217-4DC9-9916-DC227CD97811}.Release|Any CPU.ActiveCfg = Release|Any CPU
		{1F26E206-C217-4DC9-9916-DC227CD97811}.Release|Any CPU.Build.0 = Release|Any CPU
		{02A702F4-8428-449C-BB36-71B403719384}.Debug|Any CPU.ActiveCfg = Debug|Any CPU
		{02A702F4-8428-449C-BB36-71B403719384}.Debug|Any CPU.Build.0 = Debug|Any CPU
		{02A702F4-8428-449C-BB36-71B403719384}.Release|Any CPU.ActiveCfg = Release|Any CPU
		{02A702F4-8428-449C-BB36-71B403719384}.Release|Any CPU.Build.0 = Release|Any CPU
		{234E6363-C68A-4B73-B64F-57857AA987D6}.Debug|Any CPU.ActiveCfg = Debug|Any CPU
		{234E6363-C68A-4B73-B64F-57857AA987D6}.Debug|Any CPU.Build.0 = Debug|Any CPU
		{234E6363-C68A-4B73-B64F-57857AA987D6}.Release|Any CPU.ActiveCfg = Release|Any CPU
		{234E6363-C68A-4B73-B64F-57857AA987D6}.Release|Any CPU.Build.0 = Release|Any CPU
		{732E44AF-D751-4C3A-AF1E-C3E7710E2EA7}.Debug|Any CPU.ActiveCfg = Debug|Any CPU
		{732E44AF-D751-4C3A-AF1E-C3E7710E2EA7}.Debug|Any CPU.Build.0 = Debug|Any CPU
		{732E44AF-D751-4C3A-AF1E-C3E7710E2EA7}.Release|Any CPU.ActiveCfg = Release|Any CPU
		{732E44AF-D751-4C3A-AF1E-C3E7710E2EA7}.Release|Any CPU.Build.0 = Release|Any CPU
		{1D63F61E-9467-45DA-805C-91922F90CDDB}.Debug|Any CPU.ActiveCfg = Debug|Any CPU
		{1D63F61E-9467-45DA-805C-91922F90CDDB}.Debug|Any CPU.Build.0 = Debug|Any CPU
		{1D63F61E-9467-45DA-805C-91922F90CDDB}.Release|Any CPU.ActiveCfg = Release|Any CPU
		{1D63F61E-9467-45DA-805C-91922F90CDDB}.Release|Any CPU.Build.0 = Release|Any CPU
		{29229F36-1247-49C1-A58B-6C48737FF9B8}.Debug|Any CPU.ActiveCfg = Debug|Any CPU
		{29229F36-1247-49C1-A58B-6C48737FF9B8}.Debug|Any CPU.Build.0 = Debug|Any CPU
		{29229F36-1247-49C1-A58B-6C48737FF9B8}.Release|Any CPU.ActiveCfg = Release|Any CPU
		{29229F36-1247-49C1-A58B-6C48737FF9B8}.Release|Any CPU.Build.0 = Release|Any CPU
	EndGlobalSection
	GlobalSection(SolutionProperties) = preSolution
		HideSolutionNode = FALSE
	EndGlobalSection
	GlobalSection(ExtensibilityGlobals) = postSolution
		SolutionGuid = {0A67349A-6B3C-4A4D-8006-333217F834A5}
	EndGlobalSection
EndGlobal
