
Microsoft Visual Studio Solution File, Format Version 12.00
# Visual Studio Version 17
VisualStudioVersion = 17.7.34024.191
MinimumVisualStudioVersion = 10.0.40219.1
Project("{9A19103F-16F7-4668-BE54-9A1E7A4F7556}") = "38-FinalExamPrepare", "38-FinalExamPrepare\38-FinalExamPrepare.csproj", "{4CD56704-F695-4674-A69F-6D067FE7ED21}"
EndProject
Project("{9A19103F-16F7-4668-BE54-9A1E7A4F7556}") = "101.TheImitationGame100", "01.TheImitationGame\101.TheImitationGame100.csproj", "{8125EB16-0516-4E0A-A6E7-8BB0865E7029}"
EndProject
Project("{9A19103F-16F7-4668-BE54-9A1E7A4F7556}") = "102.AdAstra83", "02.AdAstra\102.AdAstra83.csproj", "{22CA28BC-849A-4DA0-BCA2-A3DE17E0F948}"
EndProject
Project("{9A19103F-16F7-4668-BE54-9A1E7A4F7556}") = "103.ThePianist100", "03.ThePianist\103.ThePianist100.csproj", "{E45B07E8-1C4A-4BD6-90DC-49BC96CC7961}"
EndProject
Project("{9A19103F-16F7-4668-BE54-9A1E7A4F7556}") = "201.WorldTourTYP(100)", "101.WorldTour\201.WorldTourTYP(100).csproj", "{ACAB238D-09D5-47D6-B804-85E44BA0B16B}"
EndProject
Project("{9A19103F-16F7-4668-BE54-9A1E7A4F7556}") = "201.WordTourMY(100)", "101.WordTourMY\201.WordTourMY(100).csproj", "{05B40CC2-FE15-401F-8BB8-21138FE98747}"
EndProject
Project("{9A19103F-16F7-4668-BE54-9A1E7A4F7556}") = "202.DestinationMapper(100)", "102.DestinationMapper\202.DestinationMapper(100).csproj", "{5DC9D707-2112-4E05-AAB7-97C01371DDAC}"
EndProject
Project("{9A19103F-16F7-4668-BE54-9A1E7A4F7556}") = "203.PlantDiscovery(100)", "103.PlantDiscovery\203.PlantDiscovery(100).csproj", "{E3C1C585-A00C-42F3-A247-CF4C91982E74}"
EndProject
Project("{9A19103F-16F7-4668-BE54-9A1E7A4F7556}") = "301.SecretChat(100)", "201.SecretChat\301.SecretChat(100).csproj", "{6EFDC664-8447-4F39-878E-D2209E0563D8}"
EndProject
Project("{9A19103F-16F7-4668-BE54-9A1E7A4F7556}") = "301.SecretChatV2(100)", "301.SecretChatV2\301.SecretChatV2(100).csproj", "{AF70DAEC-3DE6-466B-9317-AFF966EC813F}"
EndProject
Project("{9A19103F-16F7-4668-BE54-9A1E7A4F7556}") = "302.MirrorWords(100)", "02.MirrorWords\302.MirrorWords(100).csproj", "{8872765D-1473-4835-8D70-D28A299C7BBA}"
EndProject
Project("{9A19103F-16F7-4668-BE54-9A1E7A4F7556}") = "303.NeedForSpeed3(100)", "303.NeedForSpeed3\303.NeedForSpeed3(100).csproj", "{06DEF9B9-6ACD-41A1-8565-416D26A80211}"
EndProject
Project("{9A19103F-16F7-4668-BE54-9A1E7A4F7556}") = "401.PasswordReset(100)", "401.PasswordReset\401.PasswordReset(100).csproj", "{B6AA8995-7CCE-4561-AAAF-B14ECA6FFEE5}"
EndProject
Project("{9A19103F-16F7-4668-BE54-9A1E7A4F7556}") = "402.FancyBarcodes(100)", "402.FancyBarcodes\402.FancyBarcodes(100).csproj", "{632C10BE-311F-41C4-9830-418E92540840}"
EndProject
Project("{9A19103F-16F7-4668-BE54-9A1E7A4F7556}") = "403. HeroesОfCodeАndLogicVII", "403. HeroesОfCodeАndLogicVII\403. HeroesОfCodeАndLogicVII.csproj", "{AF919A89-E5A7-4710-9DAF-AC676B7ED016}"
EndProject
Project("{9A19103F-16F7-4668-BE54-9A1E7A4F7556}") = "501.ActivationKeys", "501.ActivationKeys\501.ActivationKeys.csproj", "{B54247BB-EB06-44CF-846A-B4F4B4333803}"
EndProject
Project("{9A19103F-16F7-4668-BE54-9A1E7A4F7556}") = "502.EmojiDetector", "502.EmojiDetector\502.EmojiDetector.csproj", "{943FE987-597B-4801-821A-4F0490B5C596}"
EndProject
Project("{9A19103F-16F7-4668-BE54-9A1E7A4F7556}") = "503.P!rates", "503.P!rates\503.P!rates.csproj", "{3018939A-16EA-4D04-8757-77D6B54739DE}"
EndProject
Project("{2150E333-8FDC-42A3-9474-1A3956D46DE8}") = "FirstSprint", "FirstSprint", "{EA73BD9C-FEA8-4513-ABAD-C06653AB6113}"
EndProject
Project("{2150E333-8FDC-42A3-9474-1A3956D46DE8}") = "SecondSprint", "SecondSprint", "{E0DC8B4B-F764-4AAE-BFF3-9260F9892D1A}"
EndProject
Project("{FAE04EC0-301F-11D3-BF4B-00C04F79EFBC}") = "601.TheImitationGame100", "601.TheImitationGame\601.TheImitationGame100.csproj", "{DE2B19A7-D64A-480B-BFA2-4EE99C9AD664}"
EndProject
Project("{FAE04EC0-301F-11D3-BF4B-00C04F79EFBC}") = "602. Ad Astra", "602. Ad Astra\602. Ad Astra.csproj", "{5F336555-5010-49A6-AECC-EE8283009B02}"
EndProject
Project("{FAE04EC0-301F-11D3-BF4B-00C04F79EFBC}") = "603.ThePianist100", "603.ThePianist\603.ThePianist100.csproj", "{1768F8BB-0670-4402-9615-F497151A0CC9}"
EndProject
Project("{FAE04EC0-301F-11D3-BF4B-00C04F79EFBC}") = "701.WorldTour100", "601.WorldTour\701.WorldTour100.csproj", "{339ABDAD-D86A-463F-BB24-BAD12773CE0E}"
EndProject
Project("{FAE04EC0-301F-11D3-BF4B-00C04F79EFBC}") = "702.DestinationMapper100", "702.DestinationMapper\702.DestinationMapper100.csproj", "{087F0582-B586-4E8C-99F3-FED89C2EF6AC}"
EndProject
Project("{FAE04EC0-301F-11D3-BF4B-00C04F79EFBC}") = "703.PlantDiscovery100", "703.PlantDiscovery\703.PlantDiscovery100.csproj", "{104C1288-B3A8-4906-A0C4-96BF3B4B7A10}"
EndProject
Project("{FAE04EC0-301F-11D3-BF4B-00C04F79EFBC}") = "801.SecretChat100", "801.SecretChat\801.SecretChat100.csproj", "{E0CD33CE-CF36-4F34-921A-31597104602B}"
EndProject
Project("{FAE04EC0-301F-11D3-BF4B-00C04F79EFBC}") = "802.MirrorWords100", "802.MirrorWords\802.MirrorWords100.csproj", "{516E7860-8C17-43B0-AD41-164CD0DCC4CA}"
EndProject
Project("{FAE04EC0-301F-11D3-BF4B-00C04F79EFBC}") = "803.NeedforSpeedIII", "803.NeedforSpeedIII\803.NeedforSpeedIII.csproj", "{5B72738A-64EE-47B9-B9EA-F246E3ED9275}"
EndProject
Project("{FAE04EC0-301F-11D3-BF4B-00C04F79EFBC}") = "901.PasswordReset", "901.PasswordReset\901.PasswordReset.csproj", "{9985A673-3793-4293-96E1-8CA62E605894}"
EndProject
Project("{FAE04EC0-301F-11D3-BF4B-00C04F79EFBC}") = "902.FancyBarcodes", "902.FancyBarcodes\902.FancyBarcodes.csproj", "{7EEBF14C-72CE-4CD2-9334-14B29251B5A9}"
EndProject
Project("{FAE04EC0-301F-11D3-BF4B-00C04F79EFBC}") = "903.HeroesOfCodeAndLogicVII", "903.HeroesOfCodeAndLogicVII\903.HeroesOfCodeAndLogicVII.csproj", "{CC3DEF0F-816D-401C-A044-BBF7BF58CD69}"
EndProject
Project("{FAE04EC0-301F-11D3-BF4B-00C04F79EFBC}") = "1001.ActivationKeys", "1001.ActivationKeys\1001.ActivationKeys.csproj", "{2936CA31-C840-41BB-8802-71031301882D}"
EndProject
Project("{FAE04EC0-301F-11D3-BF4B-00C04F79EFBC}") = "10002.EmojiDetector", "10002.EmojiDetector\10002.EmojiDetector.csproj", "{A8077D0A-3429-4239-B85C-831A1C2116F5}"
EndProject
Global
	GlobalSection(SolutionConfigurationPlatforms) = preSolution
		Debug|Any CPU = Debug|Any CPU
		Release|Any CPU = Release|Any CPU
	EndGlobalSection
	GlobalSection(ProjectConfigurationPlatforms) = postSolution
		{4CD56704-F695-4674-A69F-6D067FE7ED21}.Debug|Any CPU.ActiveCfg = Debug|Any CPU
		{4CD56704-F695-4674-A69F-6D067FE7ED21}.Debug|Any CPU.Build.0 = Debug|Any CPU
		{4CD56704-F695-4674-A69F-6D067FE7ED21}.Release|Any CPU.ActiveCfg = Release|Any CPU
		{4CD56704-F695-4674-A69F-6D067FE7ED21}.Release|Any CPU.Build.0 = Release|Any CPU
		{8125EB16-0516-4E0A-A6E7-8BB0865E7029}.Debug|Any CPU.ActiveCfg = Debug|Any CPU
		{8125EB16-0516-4E0A-A6E7-8BB0865E7029}.Debug|Any CPU.Build.0 = Debug|Any CPU
		{8125EB16-0516-4E0A-A6E7-8BB0865E7029}.Release|Any CPU.ActiveCfg = Release|Any CPU
		{8125EB16-0516-4E0A-A6E7-8BB0865E7029}.Release|Any CPU.Build.0 = Release|Any CPU
		{22CA28BC-849A-4DA0-BCA2-A3DE17E0F948}.Debug|Any CPU.ActiveCfg = Debug|Any CPU
		{22CA28BC-849A-4DA0-BCA2-A3DE17E0F948}.Debug|Any CPU.Build.0 = Debug|Any CPU
		{22CA28BC-849A-4DA0-BCA2-A3DE17E0F948}.Release|Any CPU.ActiveCfg = Release|Any CPU
		{22CA28BC-849A-4DA0-BCA2-A3DE17E0F948}.Release|Any CPU.Build.0 = Release|Any CPU
		{E45B07E8-1C4A-4BD6-90DC-49BC96CC7961}.Debug|Any CPU.ActiveCfg = Debug|Any CPU
		{E45B07E8-1C4A-4BD6-90DC-49BC96CC7961}.Debug|Any CPU.Build.0 = Debug|Any CPU
		{E45B07E8-1C4A-4BD6-90DC-49BC96CC7961}.Release|Any CPU.ActiveCfg = Release|Any CPU
		{E45B07E8-1C4A-4BD6-90DC-49BC96CC7961}.Release|Any CPU.Build.0 = Release|Any CPU
		{ACAB238D-09D5-47D6-B804-85E44BA0B16B}.Debug|Any CPU.ActiveCfg = Debug|Any CPU
		{ACAB238D-09D5-47D6-B804-85E44BA0B16B}.Debug|Any CPU.Build.0 = Debug|Any CPU
		{ACAB238D-09D5-47D6-B804-85E44BA0B16B}.Release|Any CPU.ActiveCfg = Release|Any CPU
		{ACAB238D-09D5-47D6-B804-85E44BA0B16B}.Release|Any CPU.Build.0 = Release|Any CPU
		{05B40CC2-FE15-401F-8BB8-21138FE98747}.Debug|Any CPU.ActiveCfg = Debug|Any CPU
		{05B40CC2-FE15-401F-8BB8-21138FE98747}.Debug|Any CPU.Build.0 = Debug|Any CPU
		{05B40CC2-FE15-401F-8BB8-21138FE98747}.Release|Any CPU.ActiveCfg = Release|Any CPU
		{05B40CC2-FE15-401F-8BB8-21138FE98747}.Release|Any CPU.Build.0 = Release|Any CPU
		{5DC9D707-2112-4E05-AAB7-97C01371DDAC}.Debug|Any CPU.ActiveCfg = Debug|Any CPU
		{5DC9D707-2112-4E05-AAB7-97C01371DDAC}.Debug|Any CPU.Build.0 = Debug|Any CPU
		{5DC9D707-2112-4E05-AAB7-97C01371DDAC}.Release|Any CPU.ActiveCfg = Release|Any CPU
		{5DC9D707-2112-4E05-AAB7-97C01371DDAC}.Release|Any CPU.Build.0 = Release|Any CPU
		{E3C1C585-A00C-42F3-A247-CF4C91982E74}.Debug|Any CPU.ActiveCfg = Debug|Any CPU
		{E3C1C585-A00C-42F3-A247-CF4C91982E74}.Debug|Any CPU.Build.0 = Debug|Any CPU
		{E3C1C585-A00C-42F3-A247-CF4C91982E74}.Release|Any CPU.ActiveCfg = Release|Any CPU
		{E3C1C585-A00C-42F3-A247-CF4C91982E74}.Release|Any CPU.Build.0 = Release|Any CPU
		{6EFDC664-8447-4F39-878E-D2209E0563D8}.Debug|Any CPU.ActiveCfg = Debug|Any CPU
		{6EFDC664-8447-4F39-878E-D2209E0563D8}.Debug|Any CPU.Build.0 = Debug|Any CPU
		{6EFDC664-8447-4F39-878E-D2209E0563D8}.Release|Any CPU.ActiveCfg = Release|Any CPU
		{6EFDC664-8447-4F39-878E-D2209E0563D8}.Release|Any CPU.Build.0 = Release|Any CPU
		{AF70DAEC-3DE6-466B-9317-AFF966EC813F}.Debug|Any CPU.ActiveCfg = Debug|Any CPU
		{AF70DAEC-3DE6-466B-9317-AFF966EC813F}.Debug|Any CPU.Build.0 = Debug|Any CPU
		{AF70DAEC-3DE6-466B-9317-AFF966EC813F}.Release|Any CPU.ActiveCfg = Release|Any CPU
		{AF70DAEC-3DE6-466B-9317-AFF966EC813F}.Release|Any CPU.Build.0 = Release|Any CPU
		{8872765D-1473-4835-8D70-D28A299C7BBA}.Debug|Any CPU.ActiveCfg = Debug|Any CPU
		{8872765D-1473-4835-8D70-D28A299C7BBA}.Debug|Any CPU.Build.0 = Debug|Any CPU
		{8872765D-1473-4835-8D70-D28A299C7BBA}.Release|Any CPU.ActiveCfg = Release|Any CPU
		{8872765D-1473-4835-8D70-D28A299C7BBA}.Release|Any CPU.Build.0 = Release|Any CPU
		{06DEF9B9-6ACD-41A1-8565-416D26A80211}.Debug|Any CPU.ActiveCfg = Debug|Any CPU
		{06DEF9B9-6ACD-41A1-8565-416D26A80211}.Debug|Any CPU.Build.0 = Debug|Any CPU
		{06DEF9B9-6ACD-41A1-8565-416D26A80211}.Release|Any CPU.ActiveCfg = Release|Any CPU
		{06DEF9B9-6ACD-41A1-8565-416D26A80211}.Release|Any CPU.Build.0 = Release|Any CPU
		{B6AA8995-7CCE-4561-AAAF-B14ECA6FFEE5}.Debug|Any CPU.ActiveCfg = Debug|Any CPU
		{B6AA8995-7CCE-4561-AAAF-B14ECA6FFEE5}.Debug|Any CPU.Build.0 = Debug|Any CPU
		{B6AA8995-7CCE-4561-AAAF-B14ECA6FFEE5}.Release|Any CPU.ActiveCfg = Release|Any CPU
		{B6AA8995-7CCE-4561-AAAF-B14ECA6FFEE5}.Release|Any CPU.Build.0 = Release|Any CPU
		{632C10BE-311F-41C4-9830-418E92540840}.Debug|Any CPU.ActiveCfg = Debug|Any CPU
		{632C10BE-311F-41C4-9830-418E92540840}.Debug|Any CPU.Build.0 = Debug|Any CPU
		{632C10BE-311F-41C4-9830-418E92540840}.Release|Any CPU.ActiveCfg = Release|Any CPU
		{632C10BE-311F-41C4-9830-418E92540840}.Release|Any CPU.Build.0 = Release|Any CPU
		{AF919A89-E5A7-4710-9DAF-AC676B7ED016}.Debug|Any CPU.ActiveCfg = Debug|Any CPU
		{AF919A89-E5A7-4710-9DAF-AC676B7ED016}.Debug|Any CPU.Build.0 = Debug|Any CPU
		{AF919A89-E5A7-4710-9DAF-AC676B7ED016}.Release|Any CPU.ActiveCfg = Release|Any CPU
		{AF919A89-E5A7-4710-9DAF-AC676B7ED016}.Release|Any CPU.Build.0 = Release|Any CPU
		{B54247BB-EB06-44CF-846A-B4F4B4333803}.Debug|Any CPU.ActiveCfg = Debug|Any CPU
		{B54247BB-EB06-44CF-846A-B4F4B4333803}.Debug|Any CPU.Build.0 = Debug|Any CPU
		{B54247BB-EB06-44CF-846A-B4F4B4333803}.Release|Any CPU.ActiveCfg = Release|Any CPU
		{B54247BB-EB06-44CF-846A-B4F4B4333803}.Release|Any CPU.Build.0 = Release|Any CPU
		{943FE987-597B-4801-821A-4F0490B5C596}.Debug|Any CPU.ActiveCfg = Debug|Any CPU
		{943FE987-597B-4801-821A-4F0490B5C596}.Debug|Any CPU.Build.0 = Debug|Any CPU
		{943FE987-597B-4801-821A-4F0490B5C596}.Release|Any CPU.ActiveCfg = Release|Any CPU
		{943FE987-597B-4801-821A-4F0490B5C596}.Release|Any CPU.Build.0 = Release|Any CPU
		{3018939A-16EA-4D04-8757-77D6B54739DE}.Debug|Any CPU.ActiveCfg = Debug|Any CPU
		{3018939A-16EA-4D04-8757-77D6B54739DE}.Debug|Any CPU.Build.0 = Debug|Any CPU
		{3018939A-16EA-4D04-8757-77D6B54739DE}.Release|Any CPU.ActiveCfg = Release|Any CPU
		{3018939A-16EA-4D04-8757-77D6B54739DE}.Release|Any CPU.Build.0 = Release|Any CPU
		{DE2B19A7-D64A-480B-BFA2-4EE99C9AD664}.Debug|Any CPU.ActiveCfg = Debug|Any CPU
		{DE2B19A7-D64A-480B-BFA2-4EE99C9AD664}.Debug|Any CPU.Build.0 = Debug|Any CPU
		{DE2B19A7-D64A-480B-BFA2-4EE99C9AD664}.Release|Any CPU.ActiveCfg = Release|Any CPU
		{DE2B19A7-D64A-480B-BFA2-4EE99C9AD664}.Release|Any CPU.Build.0 = Release|Any CPU
		{5F336555-5010-49A6-AECC-EE8283009B02}.Debug|Any CPU.ActiveCfg = Debug|Any CPU
		{5F336555-5010-49A6-AECC-EE8283009B02}.Debug|Any CPU.Build.0 = Debug|Any CPU
		{5F336555-5010-49A6-AECC-EE8283009B02}.Release|Any CPU.ActiveCfg = Release|Any CPU
		{5F336555-5010-49A6-AECC-EE8283009B02}.Release|Any CPU.Build.0 = Release|Any CPU
		{1768F8BB-0670-4402-9615-F497151A0CC9}.Debug|Any CPU.ActiveCfg = Debug|Any CPU
		{1768F8BB-0670-4402-9615-F497151A0CC9}.Debug|Any CPU.Build.0 = Debug|Any CPU
		{1768F8BB-0670-4402-9615-F497151A0CC9}.Release|Any CPU.ActiveCfg = Release|Any CPU
		{1768F8BB-0670-4402-9615-F497151A0CC9}.Release|Any CPU.Build.0 = Release|Any CPU
		{339ABDAD-D86A-463F-BB24-BAD12773CE0E}.Debug|Any CPU.ActiveCfg = Debug|Any CPU
		{339ABDAD-D86A-463F-BB24-BAD12773CE0E}.Debug|Any CPU.Build.0 = Debug|Any CPU
		{339ABDAD-D86A-463F-BB24-BAD12773CE0E}.Release|Any CPU.ActiveCfg = Release|Any CPU
		{339ABDAD-D86A-463F-BB24-BAD12773CE0E}.Release|Any CPU.Build.0 = Release|Any CPU
		{087F0582-B586-4E8C-99F3-FED89C2EF6AC}.Debug|Any CPU.ActiveCfg = Debug|Any CPU
		{087F0582-B586-4E8C-99F3-FED89C2EF6AC}.Debug|Any CPU.Build.0 = Debug|Any CPU
		{087F0582-B586-4E8C-99F3-FED89C2EF6AC}.Release|Any CPU.ActiveCfg = Release|Any CPU
		{087F0582-B586-4E8C-99F3-FED89C2EF6AC}.Release|Any CPU.Build.0 = Release|Any CPU
		{104C1288-B3A8-4906-A0C4-96BF3B4B7A10}.Debug|Any CPU.ActiveCfg = Debug|Any CPU
		{104C1288-B3A8-4906-A0C4-96BF3B4B7A10}.Debug|Any CPU.Build.0 = Debug|Any CPU
		{104C1288-B3A8-4906-A0C4-96BF3B4B7A10}.Release|Any CPU.ActiveCfg = Release|Any CPU
		{104C1288-B3A8-4906-A0C4-96BF3B4B7A10}.Release|Any CPU.Build.0 = Release|Any CPU
		{E0CD33CE-CF36-4F34-921A-31597104602B}.Debug|Any CPU.ActiveCfg = Debug|Any CPU
		{E0CD33CE-CF36-4F34-921A-31597104602B}.Debug|Any CPU.Build.0 = Debug|Any CPU
		{E0CD33CE-CF36-4F34-921A-31597104602B}.Release|Any CPU.ActiveCfg = Release|Any CPU
		{E0CD33CE-CF36-4F34-921A-31597104602B}.Release|Any CPU.Build.0 = Release|Any CPU
		{516E7860-8C17-43B0-AD41-164CD0DCC4CA}.Debug|Any CPU.ActiveCfg = Debug|Any CPU
		{516E7860-8C17-43B0-AD41-164CD0DCC4CA}.Debug|Any CPU.Build.0 = Debug|Any CPU
		{516E7860-8C17-43B0-AD41-164CD0DCC4CA}.Release|Any CPU.ActiveCfg = Release|Any CPU
		{516E7860-8C17-43B0-AD41-164CD0DCC4CA}.Release|Any CPU.Build.0 = Release|Any CPU
		{5B72738A-64EE-47B9-B9EA-F246E3ED9275}.Debug|Any CPU.ActiveCfg = Debug|Any CPU
		{5B72738A-64EE-47B9-B9EA-F246E3ED9275}.Debug|Any CPU.Build.0 = Debug|Any CPU
		{5B72738A-64EE-47B9-B9EA-F246E3ED9275}.Release|Any CPU.ActiveCfg = Release|Any CPU
		{5B72738A-64EE-47B9-B9EA-F246E3ED9275}.Release|Any CPU.Build.0 = Release|Any CPU
		{9985A673-3793-4293-96E1-8CA62E605894}.Debug|Any CPU.ActiveCfg = Debug|Any CPU
		{9985A673-3793-4293-96E1-8CA62E605894}.Debug|Any CPU.Build.0 = Debug|Any CPU
		{9985A673-3793-4293-96E1-8CA62E605894}.Release|Any CPU.ActiveCfg = Release|Any CPU
		{9985A673-3793-4293-96E1-8CA62E605894}.Release|Any CPU.Build.0 = Release|Any CPU
		{7EEBF14C-72CE-4CD2-9334-14B29251B5A9}.Debug|Any CPU.ActiveCfg = Debug|Any CPU
		{7EEBF14C-72CE-4CD2-9334-14B29251B5A9}.Debug|Any CPU.Build.0 = Debug|Any CPU
		{7EEBF14C-72CE-4CD2-9334-14B29251B5A9}.Release|Any CPU.ActiveCfg = Release|Any CPU
		{7EEBF14C-72CE-4CD2-9334-14B29251B5A9}.Release|Any CPU.Build.0 = Release|Any CPU
		{CC3DEF0F-816D-401C-A044-BBF7BF58CD69}.Debug|Any CPU.ActiveCfg = Debug|Any CPU
		{CC3DEF0F-816D-401C-A044-BBF7BF58CD69}.Debug|Any CPU.Build.0 = Debug|Any CPU
		{CC3DEF0F-816D-401C-A044-BBF7BF58CD69}.Release|Any CPU.ActiveCfg = Release|Any CPU
		{CC3DEF0F-816D-401C-A044-BBF7BF58CD69}.Release|Any CPU.Build.0 = Release|Any CPU
		{2936CA31-C840-41BB-8802-71031301882D}.Debug|Any CPU.ActiveCfg = Debug|Any CPU
		{2936CA31-C840-41BB-8802-71031301882D}.Debug|Any CPU.Build.0 = Debug|Any CPU
		{2936CA31-C840-41BB-8802-71031301882D}.Release|Any CPU.ActiveCfg = Release|Any CPU
		{2936CA31-C840-41BB-8802-71031301882D}.Release|Any CPU.Build.0 = Release|Any CPU
		{A8077D0A-3429-4239-B85C-831A1C2116F5}.Debug|Any CPU.ActiveCfg = Debug|Any CPU
		{A8077D0A-3429-4239-B85C-831A1C2116F5}.Debug|Any CPU.Build.0 = Debug|Any CPU
		{A8077D0A-3429-4239-B85C-831A1C2116F5}.Release|Any CPU.ActiveCfg = Release|Any CPU
		{A8077D0A-3429-4239-B85C-831A1C2116F5}.Release|Any CPU.Build.0 = Release|Any CPU
	EndGlobalSection
	GlobalSection(SolutionProperties) = preSolution
		HideSolutionNode = FALSE
	EndGlobalSection
	GlobalSection(NestedProjects) = preSolution
		{4CD56704-F695-4674-A69F-6D067FE7ED21} = {EA73BD9C-FEA8-4513-ABAD-C06653AB6113}
		{8125EB16-0516-4E0A-A6E7-8BB0865E7029} = {EA73BD9C-FEA8-4513-ABAD-C06653AB6113}
		{22CA28BC-849A-4DA0-BCA2-A3DE17E0F948} = {EA73BD9C-FEA8-4513-ABAD-C06653AB6113}
		{E45B07E8-1C4A-4BD6-90DC-49BC96CC7961} = {EA73BD9C-FEA8-4513-ABAD-C06653AB6113}
		{ACAB238D-09D5-47D6-B804-85E44BA0B16B} = {EA73BD9C-FEA8-4513-ABAD-C06653AB6113}
		{05B40CC2-FE15-401F-8BB8-21138FE98747} = {EA73BD9C-FEA8-4513-ABAD-C06653AB6113}
		{5DC9D707-2112-4E05-AAB7-97C01371DDAC} = {EA73BD9C-FEA8-4513-ABAD-C06653AB6113}
		{E3C1C585-A00C-42F3-A247-CF4C91982E74} = {EA73BD9C-FEA8-4513-ABAD-C06653AB6113}
		{6EFDC664-8447-4F39-878E-D2209E0563D8} = {EA73BD9C-FEA8-4513-ABAD-C06653AB6113}
		{AF70DAEC-3DE6-466B-9317-AFF966EC813F} = {EA73BD9C-FEA8-4513-ABAD-C06653AB6113}
		{8872765D-1473-4835-8D70-D28A299C7BBA} = {EA73BD9C-FEA8-4513-ABAD-C06653AB6113}
		{06DEF9B9-6ACD-41A1-8565-416D26A80211} = {EA73BD9C-FEA8-4513-ABAD-C06653AB6113}
		{B6AA8995-7CCE-4561-AAAF-B14ECA6FFEE5} = {EA73BD9C-FEA8-4513-ABAD-C06653AB6113}
		{632C10BE-311F-41C4-9830-418E92540840} = {EA73BD9C-FEA8-4513-ABAD-C06653AB6113}
		{AF919A89-E5A7-4710-9DAF-AC676B7ED016} = {EA73BD9C-FEA8-4513-ABAD-C06653AB6113}
		{B54247BB-EB06-44CF-846A-B4F4B4333803} = {EA73BD9C-FEA8-4513-ABAD-C06653AB6113}
		{943FE987-597B-4801-821A-4F0490B5C596} = {EA73BD9C-FEA8-4513-ABAD-C06653AB6113}
		{3018939A-16EA-4D04-8757-77D6B54739DE} = {EA73BD9C-FEA8-4513-ABAD-C06653AB6113}
		{DE2B19A7-D64A-480B-BFA2-4EE99C9AD664} = {E0DC8B4B-F764-4AAE-BFF3-9260F9892D1A}
		{5F336555-5010-49A6-AECC-EE8283009B02} = {E0DC8B4B-F764-4AAE-BFF3-9260F9892D1A}
		{1768F8BB-0670-4402-9615-F497151A0CC9} = {E0DC8B4B-F764-4AAE-BFF3-9260F9892D1A}
		{339ABDAD-D86A-463F-BB24-BAD12773CE0E} = {E0DC8B4B-F764-4AAE-BFF3-9260F9892D1A}
		{087F0582-B586-4E8C-99F3-FED89C2EF6AC} = {E0DC8B4B-F764-4AAE-BFF3-9260F9892D1A}
		{104C1288-B3A8-4906-A0C4-96BF3B4B7A10} = {E0DC8B4B-F764-4AAE-BFF3-9260F9892D1A}
		{E0CD33CE-CF36-4F34-921A-31597104602B} = {E0DC8B4B-F764-4AAE-BFF3-9260F9892D1A}
		{516E7860-8C17-43B0-AD41-164CD0DCC4CA} = {E0DC8B4B-F764-4AAE-BFF3-9260F9892D1A}
		{5B72738A-64EE-47B9-B9EA-F246E3ED9275} = {E0DC8B4B-F764-4AAE-BFF3-9260F9892D1A}
		{9985A673-3793-4293-96E1-8CA62E605894} = {E0DC8B4B-F764-4AAE-BFF3-9260F9892D1A}
		{7EEBF14C-72CE-4CD2-9334-14B29251B5A9} = {E0DC8B4B-F764-4AAE-BFF3-9260F9892D1A}
		{CC3DEF0F-816D-401C-A044-BBF7BF58CD69} = {E0DC8B4B-F764-4AAE-BFF3-9260F9892D1A}
		{2936CA31-C840-41BB-8802-71031301882D} = {E0DC8B4B-F764-4AAE-BFF3-9260F9892D1A}
		{A8077D0A-3429-4239-B85C-831A1C2116F5} = {E0DC8B4B-F764-4AAE-BFF3-9260F9892D1A}
	EndGlobalSection
	GlobalSection(ExtensibilityGlobals) = postSolution
		SolutionGuid = {C7F82900-F700-4538-81F7-BBA98918EE25}
	EndGlobalSection
EndGlobal
