
Microsoft Visual Studio Solution File, Format Version 12.00
# Visual Studio Version 17
VisualStudioVersion = 17.7.34024.191
MinimumVisualStudioVersion = 10.0.40219.1
Project("{9A19103F-16F7-4668-BE54-9A1E7A4F7556}") = "22.ObjectsAndClasses", "22.ObjectsAndClasses\22.ObjectsAndClasses.csproj", "{B23EEA1B-C3FE-4BAF-A6E1-519CCBD7DC3D}"
EndProject
Project("{9A19103F-16F7-4668-BE54-9A1E7A4F7556}") = "01.RandomizeWords", "01.RandomizeWords\01.RandomizeWords.csproj", "{5AA877F0-2631-44A7-80E6-90D945B717FD}"
EndProject
Project("{9A19103F-16F7-4668-BE54-9A1E7A4F7556}") = "02.BigFactorial", "02.BigFactorial\02.BigFactorial.csproj", "{0D58341F-A347-4BED-BE31-8588B33845EF}"
EndProject
Project("{9A19103F-16F7-4668-BE54-9A1E7A4F7556}") = "03.Songs", "03.Songs\03.Songs.csproj", "{70AF6839-CA7C-4C18-900C-B385A38FCAD9}"
EndProject
Project("{FAE04EC0-301F-11D3-BF4B-00C04F79EFBC}") = "04.Students", "04.Students\04.Students.csproj", "{31B5E2D7-B2A0-4702-B875-208294C10199}"
EndProject
Project("{FAE04EC0-301F-11D3-BF4B-00C04F79EFBC}") = "05.Students2.0", "05.Students2.0\05.Students2.0.csproj", "{982929F0-60F2-437B-9B4B-DBF861B13891}"
EndProject
Project("{FAE04EC0-301F-11D3-BF4B-00C04F79EFBC}") = "06.StoreBoxes", "06.StoreBoxes\06.StoreBoxes.csproj", "{305D58A2-40C0-46F5-9B0E-03DB394CF751}"
EndProject
Project("{FAE04EC0-301F-11D3-BF4B-00C04F79EFBC}") = "07.VehicleCatalogue", "07.VehicleCatalogue\07.VehicleCatalogue.csproj", "{14F3CBCC-221E-4B4D-B39E-F49DFE9C455A}"
EndProject
Project("{FAE04EC0-301F-11D3-BF4B-00C04F79EFBC}") = "101. Advertisement Message", "101. Advertisement Message\101. Advertisement Message.csproj", "{D5EFD500-1A82-4ABF-9B3E-AC1DDEEF1461}"
EndProject
Project("{FAE04EC0-301F-11D3-BF4B-00C04F79EFBC}") = "102.Articles", "02.Articles\102.Articles.csproj", "{3A2D75E2-F4EE-46C2-8DE2-A3BA30D3115E}"
EndProject
Project("{FAE04EC0-301F-11D3-BF4B-00C04F79EFBC}") = "103. Articles 2.0", "103. Articles 2.0\103. Articles 2.0.csproj", "{AED4E44A-5997-465F-8BE9-04E2A351645B}"
EndProject
Project("{FAE04EC0-301F-11D3-BF4B-00C04F79EFBC}") = "104. Students", "104. Students\104. Students.csproj", "{3FD54E6C-2F38-4071-8D06-A2CB87785663}"
EndProject
Project("{FAE04EC0-301F-11D3-BF4B-00C04F79EFBC}") = "105.TeamworkProjects", "105.TeamworkProjects\105.TeamworkProjects.csproj", "{09BA1E15-B0E4-4278-B918-D17CD0262D22}"
EndProject
Project("{FAE04EC0-301F-11D3-BF4B-00C04F79EFBC}") = "106.VehicleCatalogue", "106.VehicleCatalogue\106.VehicleCatalogue.csproj", "{AE396442-0703-423A-8F35-DD332EABB58F}"
EndProject
Global
	GlobalSection(SolutionConfigurationPlatforms) = preSolution
		Debug|Any CPU = Debug|Any CPU
		Release|Any CPU = Release|Any CPU
	EndGlobalSection
	GlobalSection(ProjectConfigurationPlatforms) = postSolution
		{B23EEA1B-C3FE-4BAF-A6E1-519CCBD7DC3D}.Debug|Any CPU.ActiveCfg = Debug|Any CPU
		{B23EEA1B-C3FE-4BAF-A6E1-519CCBD7DC3D}.Debug|Any CPU.Build.0 = Debug|Any CPU
		{B23EEA1B-C3FE-4BAF-A6E1-519CCBD7DC3D}.Release|Any CPU.ActiveCfg = Release|Any CPU
		{B23EEA1B-C3FE-4BAF-A6E1-519CCBD7DC3D}.Release|Any CPU.Build.0 = Release|Any CPU
		{5AA877F0-2631-44A7-80E6-90D945B717FD}.Debug|Any CPU.ActiveCfg = Debug|Any CPU
		{5AA877F0-2631-44A7-80E6-90D945B717FD}.Debug|Any CPU.Build.0 = Debug|Any CPU
		{5AA877F0-2631-44A7-80E6-90D945B717FD}.Release|Any CPU.ActiveCfg = Release|Any CPU
		{5AA877F0-2631-44A7-80E6-90D945B717FD}.Release|Any CPU.Build.0 = Release|Any CPU
		{0D58341F-A347-4BED-BE31-8588B33845EF}.Debug|Any CPU.ActiveCfg = Debug|Any CPU
		{0D58341F-A347-4BED-BE31-8588B33845EF}.Debug|Any CPU.Build.0 = Debug|Any CPU
		{0D58341F-A347-4BED-BE31-8588B33845EF}.Release|Any CPU.ActiveCfg = Release|Any CPU
		{0D58341F-A347-4BED-BE31-8588B33845EF}.Release|Any CPU.Build.0 = Release|Any CPU
		{70AF6839-CA7C-4C18-900C-B385A38FCAD9}.Debug|Any CPU.ActiveCfg = Debug|Any CPU
		{70AF6839-CA7C-4C18-900C-B385A38FCAD9}.Debug|Any CPU.Build.0 = Debug|Any CPU
		{70AF6839-CA7C-4C18-900C-B385A38FCAD9}.Release|Any CPU.ActiveCfg = Release|Any CPU
		{70AF6839-CA7C-4C18-900C-B385A38FCAD9}.Release|Any CPU.Build.0 = Release|Any CPU
		{31B5E2D7-B2A0-4702-B875-208294C10199}.Debug|Any CPU.ActiveCfg = Debug|Any CPU
		{31B5E2D7-B2A0-4702-B875-208294C10199}.Debug|Any CPU.Build.0 = Debug|Any CPU
		{31B5E2D7-B2A0-4702-B875-208294C10199}.Release|Any CPU.ActiveCfg = Release|Any CPU
		{31B5E2D7-B2A0-4702-B875-208294C10199}.Release|Any CPU.Build.0 = Release|Any CPU
		{982929F0-60F2-437B-9B4B-DBF861B13891}.Debug|Any CPU.ActiveCfg = Debug|Any CPU
		{982929F0-60F2-437B-9B4B-DBF861B13891}.Debug|Any CPU.Build.0 = Debug|Any CPU
		{982929F0-60F2-437B-9B4B-DBF861B13891}.Release|Any CPU.ActiveCfg = Release|Any CPU
		{982929F0-60F2-437B-9B4B-DBF861B13891}.Release|Any CPU.Build.0 = Release|Any CPU
		{305D58A2-40C0-46F5-9B0E-03DB394CF751}.Debug|Any CPU.ActiveCfg = Debug|Any CPU
		{305D58A2-40C0-46F5-9B0E-03DB394CF751}.Debug|Any CPU.Build.0 = Debug|Any CPU
		{305D58A2-40C0-46F5-9B0E-03DB394CF751}.Release|Any CPU.ActiveCfg = Release|Any CPU
		{305D58A2-40C0-46F5-9B0E-03DB394CF751}.Release|Any CPU.Build.0 = Release|Any CPU
		{14F3CBCC-221E-4B4D-B39E-F49DFE9C455A}.Debug|Any CPU.ActiveCfg = Debug|Any CPU
		{14F3CBCC-221E-4B4D-B39E-F49DFE9C455A}.Debug|Any CPU.Build.0 = Debug|Any CPU
		{14F3CBCC-221E-4B4D-B39E-F49DFE9C455A}.Release|Any CPU.ActiveCfg = Release|Any CPU
		{14F3CBCC-221E-4B4D-B39E-F49DFE9C455A}.Release|Any CPU.Build.0 = Release|Any CPU
		{D5EFD500-1A82-4ABF-9B3E-AC1DDEEF1461}.Debug|Any CPU.ActiveCfg = Debug|Any CPU
		{D5EFD500-1A82-4ABF-9B3E-AC1DDEEF1461}.Debug|Any CPU.Build.0 = Debug|Any CPU
		{D5EFD500-1A82-4ABF-9B3E-AC1DDEEF1461}.Release|Any CPU.ActiveCfg = Release|Any CPU
		{D5EFD500-1A82-4ABF-9B3E-AC1DDEEF1461}.Release|Any CPU.Build.0 = Release|Any CPU
		{3A2D75E2-F4EE-46C2-8DE2-A3BA30D3115E}.Debug|Any CPU.ActiveCfg = Debug|Any CPU
		{3A2D75E2-F4EE-46C2-8DE2-A3BA30D3115E}.Debug|Any CPU.Build.0 = Debug|Any CPU
		{3A2D75E2-F4EE-46C2-8DE2-A3BA30D3115E}.Release|Any CPU.ActiveCfg = Release|Any CPU
		{3A2D75E2-F4EE-46C2-8DE2-A3BA30D3115E}.Release|Any CPU.Build.0 = Release|Any CPU
		{AED4E44A-5997-465F-8BE9-04E2A351645B}.Debug|Any CPU.ActiveCfg = Debug|Any CPU
		{AED4E44A-5997-465F-8BE9-04E2A351645B}.Debug|Any CPU.Build.0 = Debug|Any CPU
		{AED4E44A-5997-465F-8BE9-04E2A351645B}.Release|Any CPU.ActiveCfg = Release|Any CPU
		{AED4E44A-5997-465F-8BE9-04E2A351645B}.Release|Any CPU.Build.0 = Release|Any CPU
		{3FD54E6C-2F38-4071-8D06-A2CB87785663}.Debug|Any CPU.ActiveCfg = Debug|Any CPU
		{3FD54E6C-2F38-4071-8D06-A2CB87785663}.Debug|Any CPU.Build.0 = Debug|Any CPU
		{3FD54E6C-2F38-4071-8D06-A2CB87785663}.Release|Any CPU.ActiveCfg = Release|Any CPU
		{3FD54E6C-2F38-4071-8D06-A2CB87785663}.Release|Any CPU.Build.0 = Release|Any CPU
		{09BA1E15-B0E4-4278-B918-D17CD0262D22}.Debug|Any CPU.ActiveCfg = Debug|Any CPU
		{09BA1E15-B0E4-4278-B918-D17CD0262D22}.Debug|Any CPU.Build.0 = Debug|Any CPU
		{09BA1E15-B0E4-4278-B918-D17CD0262D22}.Release|Any CPU.ActiveCfg = Release|Any CPU
		{09BA1E15-B0E4-4278-B918-D17CD0262D22}.Release|Any CPU.Build.0 = Release|Any CPU
		{AE396442-0703-423A-8F35-DD332EABB58F}.Debug|Any CPU.ActiveCfg = Debug|Any CPU
		{AE396442-0703-423A-8F35-DD332EABB58F}.Debug|Any CPU.Build.0 = Debug|Any CPU
		{AE396442-0703-423A-8F35-DD332EABB58F}.Release|Any CPU.ActiveCfg = Release|Any CPU
		{AE396442-0703-423A-8F35-DD332EABB58F}.Release|Any CPU.Build.0 = Release|Any CPU
	EndGlobalSection
	GlobalSection(SolutionProperties) = preSolution
		HideSolutionNode = FALSE
	EndGlobalSection
	GlobalSection(ExtensibilityGlobals) = postSolution
		SolutionGuid = {3AD97AFB-F112-4E95-A134-282AAD088FB8}
	EndGlobalSection
EndGlobal
