
Microsoft Visual Studio Solution File, Format Version 12.00
# Visual Studio Version 17
VisualStudioVersion = 17.7.34024.191
MinimumVisualStudioVersion = 10.0.40219.1
Project("{9A19103F-16F7-4668-BE54-9A1E7A4F7556}") = "38-FinalExamPrepare", "38-FinalExamPrepare\38-FinalExamPrepare.csproj", "{4CD56704-F695-4674-A69F-6D067FE7ED21}"
EndProject
Project("{9A19103F-16F7-4668-BE54-9A1E7A4F7556}") = "101.TheImitationGame100", "01.TheImitationGame\101.TheImitationGame100.csproj", "{8125EB16-0516-4E0A-A6E7-8BB0865E7029}"
EndProject
Project("{9A19103F-16F7-4668-BE54-9A1E7A4F7556}") = "102.AdAstra83", "02.AdAstra\102.AdAstra83.csproj", "{22CA28BC-849A-4DA0-BCA2-A3DE17E0F948}"
EndProject
Project("{9A19103F-16F7-4668-BE54-9A1E7A4F7556}") = "103.ThePianist100", "03.ThePianist\103.ThePianist100.csproj", "{E45B07E8-1C4A-4BD6-90DC-49BC96CC7961}"
EndProject
Project("{9A19103F-16F7-4668-BE54-9A1E7A4F7556}") = "201.WorldTourTYP(100)", "101.WorldTour\201.WorldTourTYP(100).csproj", "{ACAB238D-09D5-47D6-B804-85E44BA0B16B}"
EndProject
Project("{9A19103F-16F7-4668-BE54-9A1E7A4F7556}") = "201.WordTourMY(100)", "101.WordTourMY\201.WordTourMY(100).csproj", "{05B40CC2-FE15-401F-8BB8-21138FE98747}"
EndProject
Project("{9A19103F-16F7-4668-BE54-9A1E7A4F7556}") = "202.DestinationMapper(100)", "102.DestinationMapper\202.DestinationMapper(100).csproj", "{5DC9D707-2112-4E05-AAB7-97C01371DDAC}"
EndProject
Project("{9A19103F-16F7-4668-BE54-9A1E7A4F7556}") = "203.PlantDiscovery(100)", "103.PlantDiscovery\203.PlantDiscovery(100).csproj", "{E3C1C585-A00C-42F3-A247-CF4C91982E74}"
EndProject
Project("{9A19103F-16F7-4668-BE54-9A1E7A4F7556}") = "301.SecretChat", "201.SecretChat\301.SecretChat.csproj", "{6EFDC664-8447-4F39-878E-D2209E0563D8}"
EndProject
Project("{9A19103F-16F7-4668-BE54-9A1E7A4F7556}") = "301.SecretChatV2", "301.SecretChatV2\301.SecretChatV2.csproj", "{AF70DAEC-3DE6-466B-9317-AFF966EC813F}"
EndProject
Project("{9A19103F-16F7-4668-BE54-9A1E7A4F7556}") = "302.MirrorWords", "02.MirrorWords\302.MirrorWords.csproj", "{8872765D-1473-4835-8D70-D28A299C7BBA}"
EndProject
Project("{9A19103F-16F7-4668-BE54-9A1E7A4F7556}") = "303.NeedForSpeed3", "303.NeedForSpeed3\303.NeedForSpeed3.csproj", "{06DEF9B9-6ACD-41A1-8565-416D26A80211}"
EndProject
Project("{9A19103F-16F7-4668-BE54-9A1E7A4F7556}") = "401.PasswordReset", "401.PasswordReset\401.PasswordReset.csproj", "{B6AA8995-7CCE-4561-AAAF-B14ECA6FFEE5}"
EndProject
Project("{FAE04EC0-301F-11D3-BF4B-00C04F79EFBC}") = "402.FancyBarcodes", "402.FancyBarcodes\402.FancyBarcodes.csproj", "{632C10BE-311F-41C4-9830-418E92540840}"
EndProject
Global
	GlobalSection(SolutionConfigurationPlatforms) = preSolution
		Debug|Any CPU = Debug|Any CPU
		Release|Any CPU = Release|Any CPU
	EndGlobalSection
	GlobalSection(ProjectConfigurationPlatforms) = postSolution
		{4CD56704-F695-4674-A69F-6D067FE7ED21}.Debug|Any CPU.ActiveCfg = Debug|Any CPU
		{4CD56704-F695-4674-A69F-6D067FE7ED21}.Debug|Any CPU.Build.0 = Debug|Any CPU
		{4CD56704-F695-4674-A69F-6D067FE7ED21}.Release|Any CPU.ActiveCfg = Release|Any CPU
		{4CD56704-F695-4674-A69F-6D067FE7ED21}.Release|Any CPU.Build.0 = Release|Any CPU
		{8125EB16-0516-4E0A-A6E7-8BB0865E7029}.Debug|Any CPU.ActiveCfg = Debug|Any CPU
		{8125EB16-0516-4E0A-A6E7-8BB0865E7029}.Debug|Any CPU.Build.0 = Debug|Any CPU
		{8125EB16-0516-4E0A-A6E7-8BB0865E7029}.Release|Any CPU.ActiveCfg = Release|Any CPU
		{8125EB16-0516-4E0A-A6E7-8BB0865E7029}.Release|Any CPU.Build.0 = Release|Any CPU
		{22CA28BC-849A-4DA0-BCA2-A3DE17E0F948}.Debug|Any CPU.ActiveCfg = Debug|Any CPU
		{22CA28BC-849A-4DA0-BCA2-A3DE17E0F948}.Debug|Any CPU.Build.0 = Debug|Any CPU
		{22CA28BC-849A-4DA0-BCA2-A3DE17E0F948}.Release|Any CPU.ActiveCfg = Release|Any CPU
		{22CA28BC-849A-4DA0-BCA2-A3DE17E0F948}.Release|Any CPU.Build.0 = Release|Any CPU
		{E45B07E8-1C4A-4BD6-90DC-49BC96CC7961}.Debug|Any CPU.ActiveCfg = Debug|Any CPU
		{E45B07E8-1C4A-4BD6-90DC-49BC96CC7961}.Debug|Any CPU.Build.0 = Debug|Any CPU
		{E45B07E8-1C4A-4BD6-90DC-49BC96CC7961}.Release|Any CPU.ActiveCfg = Release|Any CPU
		{E45B07E8-1C4A-4BD6-90DC-49BC96CC7961}.Release|Any CPU.Build.0 = Release|Any CPU
		{ACAB238D-09D5-47D6-B804-85E44BA0B16B}.Debug|Any CPU.ActiveCfg = Debug|Any CPU
		{ACAB238D-09D5-47D6-B804-85E44BA0B16B}.Debug|Any CPU.Build.0 = Debug|Any CPU
		{ACAB238D-09D5-47D6-B804-85E44BA0B16B}.Release|Any CPU.ActiveCfg = Release|Any CPU
		{ACAB238D-09D5-47D6-B804-85E44BA0B16B}.Release|Any CPU.Build.0 = Release|Any CPU
		{05B40CC2-FE15-401F-8BB8-21138FE98747}.Debug|Any CPU.ActiveCfg = Debug|Any CPU
		{05B40CC2-FE15-401F-8BB8-21138FE98747}.Debug|Any CPU.Build.0 = Debug|Any CPU
		{05B40CC2-FE15-401F-8BB8-21138FE98747}.Release|Any CPU.ActiveCfg = Release|Any CPU
		{05B40CC2-FE15-401F-8BB8-21138FE98747}.Release|Any CPU.Build.0 = Release|Any CPU
		{5DC9D707-2112-4E05-AAB7-97C01371DDAC}.Debug|Any CPU.ActiveCfg = Debug|Any CPU
		{5DC9D707-2112-4E05-AAB7-97C01371DDAC}.Debug|Any CPU.Build.0 = Debug|Any CPU
		{5DC9D707-2112-4E05-AAB7-97C01371DDAC}.Release|Any CPU.ActiveCfg = Release|Any CPU
		{5DC9D707-2112-4E05-AAB7-97C01371DDAC}.Release|Any CPU.Build.0 = Release|Any CPU
		{E3C1C585-A00C-42F3-A247-CF4C91982E74}.Debug|Any CPU.ActiveCfg = Debug|Any CPU
		{E3C1C585-A00C-42F3-A247-CF4C91982E74}.Debug|Any CPU.Build.0 = Debug|Any CPU
		{E3C1C585-A00C-42F3-A247-CF4C91982E74}.Release|Any CPU.ActiveCfg = Release|Any CPU
		{E3C1C585-A00C-42F3-A247-CF4C91982E74}.Release|Any CPU.Build.0 = Release|Any CPU
		{6EFDC664-8447-4F39-878E-D2209E0563D8}.Debug|Any CPU.ActiveCfg = Debug|Any CPU
		{6EFDC664-8447-4F39-878E-D2209E0563D8}.Debug|Any CPU.Build.0 = Debug|Any CPU
		{6EFDC664-8447-4F39-878E-D2209E0563D8}.Release|Any CPU.ActiveCfg = Release|Any CPU
		{6EFDC664-8447-4F39-878E-D2209E0563D8}.Release|Any CPU.Build.0 = Release|Any CPU
		{AF70DAEC-3DE6-466B-9317-AFF966EC813F}.Debug|Any CPU.ActiveCfg = Debug|Any CPU
		{AF70DAEC-3DE6-466B-9317-AFF966EC813F}.Debug|Any CPU.Build.0 = Debug|Any CPU
		{AF70DAEC-3DE6-466B-9317-AFF966EC813F}.Release|Any CPU.ActiveCfg = Release|Any CPU
		{AF70DAEC-3DE6-466B-9317-AFF966EC813F}.Release|Any CPU.Build.0 = Release|Any CPU
		{8872765D-1473-4835-8D70-D28A299C7BBA}.Debug|Any CPU.ActiveCfg = Debug|Any CPU
		{8872765D-1473-4835-8D70-D28A299C7BBA}.Debug|Any CPU.Build.0 = Debug|Any CPU
		{8872765D-1473-4835-8D70-D28A299C7BBA}.Release|Any CPU.ActiveCfg = Release|Any CPU
		{8872765D-1473-4835-8D70-D28A299C7BBA}.Release|Any CPU.Build.0 = Release|Any CPU
		{06DEF9B9-6ACD-41A1-8565-416D26A80211}.Debug|Any CPU.ActiveCfg = Debug|Any CPU
		{06DEF9B9-6ACD-41A1-8565-416D26A80211}.Debug|Any CPU.Build.0 = Debug|Any CPU
		{06DEF9B9-6ACD-41A1-8565-416D26A80211}.Release|Any CPU.ActiveCfg = Release|Any CPU
		{06DEF9B9-6ACD-41A1-8565-416D26A80211}.Release|Any CPU.Build.0 = Release|Any CPU
		{B6AA8995-7CCE-4561-AAAF-B14ECA6FFEE5}.Debug|Any CPU.ActiveCfg = Debug|Any CPU
		{B6AA8995-7CCE-4561-AAAF-B14ECA6FFEE5}.Debug|Any CPU.Build.0 = Debug|Any CPU
		{B6AA8995-7CCE-4561-AAAF-B14ECA6FFEE5}.Release|Any CPU.ActiveCfg = Release|Any CPU
		{B6AA8995-7CCE-4561-AAAF-B14ECA6FFEE5}.Release|Any CPU.Build.0 = Release|Any CPU
		{632C10BE-311F-41C4-9830-418E92540840}.Debug|Any CPU.ActiveCfg = Debug|Any CPU
		{632C10BE-311F-41C4-9830-418E92540840}.Debug|Any CPU.Build.0 = Debug|Any CPU
		{632C10BE-311F-41C4-9830-418E92540840}.Release|Any CPU.ActiveCfg = Release|Any CPU
		{632C10BE-311F-41C4-9830-418E92540840}.Release|Any CPU.Build.0 = Release|Any CPU
	EndGlobalSection
	GlobalSection(SolutionProperties) = preSolution
		HideSolutionNode = FALSE
	EndGlobalSection
	GlobalSection(ExtensibilityGlobals) = postSolution
		SolutionGuid = {C7F82900-F700-4538-81F7-BBA98918EE25}
	EndGlobalSection
EndGlobal
