
Microsoft Visual Studio Solution File, Format Version 12.00
# Visual Studio Version 17
VisualStudioVersion = 17.7.34018.315
MinimumVisualStudioVersion = 10.0.40219.1
Project("{9A19103F-16F7-4668-BE54-9A1E7A4F7556}") = "DataTypesAndVariables - Exercise", "DataTypesAndVariables - Exercise\DataTypesAndVariables - Exercise.csproj", "{880B18BB-1216-4A47-963C-6AA529F003D8}"
EndProject
Project("{9A19103F-16F7-4668-BE54-9A1E7A4F7556}") = "01.Ages", "01.IntegerOperations\01.Ages.csproj", "{E80B23EB-26A7-4D21-800E-B608B68E392A}"
EndProject
Project("{9A19103F-16F7-4668-BE54-9A1E7A4F7556}") = "02.Devision", "02.Devision\02.Devision.csproj", "{E481DB7B-3CED-4309-BB7E-BE3EEF0D2FE6}"
EndProject
Project("{9A19103F-16F7-4668-BE54-9A1E7A4F7556}") = "03.Vacantion", "03.Vacantion\03.Vacantion.csproj", "{EBD792CC-7F19-4034-9631-624C0E2945D6}"
EndProject
Project("{9A19103F-16F7-4668-BE54-9A1E7A4F7556}") = "04.PrintAndSum", "PrintAndSum\04.PrintAndSum.csproj", "{90386083-6E84-4E02-BC1F-0FB29B73CAE0}"
EndProject
Project("{9A19103F-16F7-4668-BE54-9A1E7A4F7556}") = "05.Login", "05.Login\05.Login.csproj", "{F56B6D9D-8770-4ACC-A7D8-74F9BBE16ED1}"
EndProject
Project("{9A19103F-16F7-4668-BE54-9A1E7A4F7556}") = "06.StrongNumber", "06.StrongNumber\06.StrongNumber.csproj", "{90691796-2814-47D8-A2AC-DB6BB55AAA8D}"
EndProject
Project("{9A19103F-16F7-4668-BE54-9A1E7A4F7556}") = "07.VendingMachine", "07.VendingMachine\07.VendingMachine.csproj", "{20AB7A6F-51F0-469C-9F24-2EA4E8160D6A}"
EndProject
Project("{9A19103F-16F7-4668-BE54-9A1E7A4F7556}") = "08.TriangleOfNumbers", "08.TriangleOfNumbers\08.TriangleOfNumbers.csproj", "{EADC66D6-97E4-4B4D-8929-35EBAEAA7742}"
EndProject
Project("{FAE04EC0-301F-11D3-BF4B-00C04F79EFBC}") = "09.PadawanEquipment", "09.PadawanEquipment\09.PadawanEquipment.csproj", "{6EB60A08-84DC-4CB9-A90A-EEB508C6A40F}"
EndProject
Global
	GlobalSection(SolutionConfigurationPlatforms) = preSolution
		Debug|Any CPU = Debug|Any CPU
		Release|Any CPU = Release|Any CPU
	EndGlobalSection
	GlobalSection(ProjectConfigurationPlatforms) = postSolution
		{880B18BB-1216-4A47-963C-6AA529F003D8}.Debug|Any CPU.ActiveCfg = Debug|Any CPU
		{880B18BB-1216-4A47-963C-6AA529F003D8}.Debug|Any CPU.Build.0 = Debug|Any CPU
		{880B18BB-1216-4A47-963C-6AA529F003D8}.Release|Any CPU.ActiveCfg = Release|Any CPU
		{880B18BB-1216-4A47-963C-6AA529F003D8}.Release|Any CPU.Build.0 = Release|Any CPU
		{E80B23EB-26A7-4D21-800E-B608B68E392A}.Debug|Any CPU.ActiveCfg = Debug|Any CPU
		{E80B23EB-26A7-4D21-800E-B608B68E392A}.Debug|Any CPU.Build.0 = Debug|Any CPU
		{E80B23EB-26A7-4D21-800E-B608B68E392A}.Release|Any CPU.ActiveCfg = Release|Any CPU
		{E80B23EB-26A7-4D21-800E-B608B68E392A}.Release|Any CPU.Build.0 = Release|Any CPU
		{E481DB7B-3CED-4309-BB7E-BE3EEF0D2FE6}.Debug|Any CPU.ActiveCfg = Debug|Any CPU
		{E481DB7B-3CED-4309-BB7E-BE3EEF0D2FE6}.Debug|Any CPU.Build.0 = Debug|Any CPU
		{E481DB7B-3CED-4309-BB7E-BE3EEF0D2FE6}.Release|Any CPU.ActiveCfg = Release|Any CPU
		{E481DB7B-3CED-4309-BB7E-BE3EEF0D2FE6}.Release|Any CPU.Build.0 = Release|Any CPU
		{EBD792CC-7F19-4034-9631-624C0E2945D6}.Debug|Any CPU.ActiveCfg = Debug|Any CPU
		{EBD792CC-7F19-4034-9631-624C0E2945D6}.Debug|Any CPU.Build.0 = Debug|Any CPU
		{EBD792CC-7F19-4034-9631-624C0E2945D6}.Release|Any CPU.ActiveCfg = Release|Any CPU
		{EBD792CC-7F19-4034-9631-624C0E2945D6}.Release|Any CPU.Build.0 = Release|Any CPU
		{90386083-6E84-4E02-BC1F-0FB29B73CAE0}.Debug|Any CPU.ActiveCfg = Debug|Any CPU
		{90386083-6E84-4E02-BC1F-0FB29B73CAE0}.Debug|Any CPU.Build.0 = Debug|Any CPU
		{90386083-6E84-4E02-BC1F-0FB29B73CAE0}.Release|Any CPU.ActiveCfg = Release|Any CPU
		{90386083-6E84-4E02-BC1F-0FB29B73CAE0}.Release|Any CPU.Build.0 = Release|Any CPU
		{F56B6D9D-8770-4ACC-A7D8-74F9BBE16ED1}.Debug|Any CPU.ActiveCfg = Debug|Any CPU
		{F56B6D9D-8770-4ACC-A7D8-74F9BBE16ED1}.Debug|Any CPU.Build.0 = Debug|Any CPU
		{F56B6D9D-8770-4ACC-A7D8-74F9BBE16ED1}.Release|Any CPU.ActiveCfg = Release|Any CPU
		{F56B6D9D-8770-4ACC-A7D8-74F9BBE16ED1}.Release|Any CPU.Build.0 = Release|Any CPU
		{90691796-2814-47D8-A2AC-DB6BB55AAA8D}.Debug|Any CPU.ActiveCfg = Debug|Any CPU
		{90691796-2814-47D8-A2AC-DB6BB55AAA8D}.Debug|Any CPU.Build.0 = Debug|Any CPU
		{90691796-2814-47D8-A2AC-DB6BB55AAA8D}.Release|Any CPU.ActiveCfg = Release|Any CPU
		{90691796-2814-47D8-A2AC-DB6BB55AAA8D}.Release|Any CPU.Build.0 = Release|Any CPU
		{20AB7A6F-51F0-469C-9F24-2EA4E8160D6A}.Debug|Any CPU.ActiveCfg = Debug|Any CPU
		{20AB7A6F-51F0-469C-9F24-2EA4E8160D6A}.Debug|Any CPU.Build.0 = Debug|Any CPU
		{20AB7A6F-51F0-469C-9F24-2EA4E8160D6A}.Release|Any CPU.ActiveCfg = Release|Any CPU
		{20AB7A6F-51F0-469C-9F24-2EA4E8160D6A}.Release|Any CPU.Build.0 = Release|Any CPU
		{EADC66D6-97E4-4B4D-8929-35EBAEAA7742}.Debug|Any CPU.ActiveCfg = Debug|Any CPU
		{EADC66D6-97E4-4B4D-8929-35EBAEAA7742}.Debug|Any CPU.Build.0 = Debug|Any CPU
		{EADC66D6-97E4-4B4D-8929-35EBAEAA7742}.Release|Any CPU.ActiveCfg = Release|Any CPU
		{EADC66D6-97E4-4B4D-8929-35EBAEAA7742}.Release|Any CPU.Build.0 = Release|Any CPU
		{6EB60A08-84DC-4CB9-A90A-EEB508C6A40F}.Debug|Any CPU.ActiveCfg = Debug|Any CPU
		{6EB60A08-84DC-4CB9-A90A-EEB508C6A40F}.Debug|Any CPU.Build.0 = Debug|Any CPU
		{6EB60A08-84DC-4CB9-A90A-EEB508C6A40F}.Release|Any CPU.ActiveCfg = Release|Any CPU
		{6EB60A08-84DC-4CB9-A90A-EEB508C6A40F}.Release|Any CPU.Build.0 = Release|Any CPU
	EndGlobalSection
	GlobalSection(SolutionProperties) = preSolution
		HideSolutionNode = FALSE
	EndGlobalSection
	GlobalSection(ExtensibilityGlobals) = postSolution
		SolutionGuid = {E6355C68-FE34-46EE-845A-4F1D28E6C9F5}
	EndGlobalSection
EndGlobal
