
Microsoft Visual Studio Solution File, Format Version 12.00
# Visual Studio Version 17
VisualStudioVersion = 17.7.34024.191
MinimumVisualStudioVersion = 10.0.40219.1
Project("{9A19103F-16F7-4668-BE54-9A1E7A4F7556}") = "14.Methods", "14.Methods\14.Methods.csproj", "{8AE833EF-B29D-464B-90D3-2488AD4D4BAE}"
EndProject
Project("{9A19103F-16F7-4668-BE54-9A1E7A4F7556}") = "01.SingOfIntegerNumbers", "1.SingOfIntegerNumbers\01.SingOfIntegerNumbers.csproj", "{F84C20A4-68F1-44BD-814B-88AEE9EBE305}"
EndProject
Project("{9A19103F-16F7-4668-BE54-9A1E7A4F7556}") = "03.Calculations", "02.Grades\03.Calculations.csproj", "{6AD6DB9D-538E-46A7-989B-83F536AB5112}"
EndProject
Project("{9A19103F-16F7-4668-BE54-9A1E7A4F7556}") = "01.SmallestОfThreeNumbers", "01.SmallestОfThreeNumbers\01.SmallestОfThreeNumbers.csproj", "{46E66555-5B58-4C88-B56F-95FAB00B1E0A}"
EndProject
Project("{9A19103F-16F7-4668-BE54-9A1E7A4F7556}") = "02.VowelsCount", "02.VowelsCount\02.VowelsCount.csproj", "{CB23DA9F-67AF-4509-8DDE-01DEF12A702A}"
EndProject
Project("{9A19103F-16F7-4668-BE54-9A1E7A4F7556}") = "03.CharactersInRange", "03.CharactersInRange\03.CharactersInRange.csproj", "{56A64782-5849-4210-8A31-81885B3C5465}"
EndProject
Project("{9A19103F-16F7-4668-BE54-9A1E7A4F7556}") = "04.4. PasswordValidator", "04.4. PasswordValidator\04.4. PasswordValidator.csproj", "{64A38698-03D0-4CB5-AA53-467F225F0568}"
EndProject
Project("{9A19103F-16F7-4668-BE54-9A1E7A4F7556}") = "05.AddAndSubtract", "05.AddAndSubtract\05.AddAndSubtract.csproj", "{1EA2B227-D5E9-42FD-9E7A-2F9B43ED68CD}"
EndProject
Project("{9A19103F-16F7-4668-BE54-9A1E7A4F7556}") = "06.Middle Characters", "06.Middle Characters\06.Middle Characters.csproj", "{2C573CBD-5E06-4B13-ADE9-44D2398E8523}"
EndProject
Project("{FAE04EC0-301F-11D3-BF4B-00C04F79EFBC}") = "07.NxnMatrix", "07.NxnMatrix\07.NxnMatrix.csproj", "{524347EA-870A-441A-854D-40DB4C659E4F}"
EndProject
Global
	GlobalSection(SolutionConfigurationPlatforms) = preSolution
		Debug|Any CPU = Debug|Any CPU
		Release|Any CPU = Release|Any CPU
	EndGlobalSection
	GlobalSection(ProjectConfigurationPlatforms) = postSolution
		{8AE833EF-B29D-464B-90D3-2488AD4D4BAE}.Debug|Any CPU.ActiveCfg = Debug|Any CPU
		{8AE833EF-B29D-464B-90D3-2488AD4D4BAE}.Debug|Any CPU.Build.0 = Debug|Any CPU
		{8AE833EF-B29D-464B-90D3-2488AD4D4BAE}.Release|Any CPU.ActiveCfg = Release|Any CPU
		{8AE833EF-B29D-464B-90D3-2488AD4D4BAE}.Release|Any CPU.Build.0 = Release|Any CPU
		{F84C20A4-68F1-44BD-814B-88AEE9EBE305}.Debug|Any CPU.ActiveCfg = Debug|Any CPU
		{F84C20A4-68F1-44BD-814B-88AEE9EBE305}.Debug|Any CPU.Build.0 = Debug|Any CPU
		{F84C20A4-68F1-44BD-814B-88AEE9EBE305}.Release|Any CPU.ActiveCfg = Release|Any CPU
		{F84C20A4-68F1-44BD-814B-88AEE9EBE305}.Release|Any CPU.Build.0 = Release|Any CPU
		{6AD6DB9D-538E-46A7-989B-83F536AB5112}.Debug|Any CPU.ActiveCfg = Debug|Any CPU
		{6AD6DB9D-538E-46A7-989B-83F536AB5112}.Debug|Any CPU.Build.0 = Debug|Any CPU
		{6AD6DB9D-538E-46A7-989B-83F536AB5112}.Release|Any CPU.ActiveCfg = Release|Any CPU
		{6AD6DB9D-538E-46A7-989B-83F536AB5112}.Release|Any CPU.Build.0 = Release|Any CPU
		{46E66555-5B58-4C88-B56F-95FAB00B1E0A}.Debug|Any CPU.ActiveCfg = Debug|Any CPU
		{46E66555-5B58-4C88-B56F-95FAB00B1E0A}.Debug|Any CPU.Build.0 = Debug|Any CPU
		{46E66555-5B58-4C88-B56F-95FAB00B1E0A}.Release|Any CPU.ActiveCfg = Release|Any CPU
		{46E66555-5B58-4C88-B56F-95FAB00B1E0A}.Release|Any CPU.Build.0 = Release|Any CPU
		{CB23DA9F-67AF-4509-8DDE-01DEF12A702A}.Debug|Any CPU.ActiveCfg = Debug|Any CPU
		{CB23DA9F-67AF-4509-8DDE-01DEF12A702A}.Debug|Any CPU.Build.0 = Debug|Any CPU
		{CB23DA9F-67AF-4509-8DDE-01DEF12A702A}.Release|Any CPU.ActiveCfg = Release|Any CPU
		{CB23DA9F-67AF-4509-8DDE-01DEF12A702A}.Release|Any CPU.Build.0 = Release|Any CPU
		{56A64782-5849-4210-8A31-81885B3C5465}.Debug|Any CPU.ActiveCfg = Debug|Any CPU
		{56A64782-5849-4210-8A31-81885B3C5465}.Debug|Any CPU.Build.0 = Debug|Any CPU
		{56A64782-5849-4210-8A31-81885B3C5465}.Release|Any CPU.ActiveCfg = Release|Any CPU
		{56A64782-5849-4210-8A31-81885B3C5465}.Release|Any CPU.Build.0 = Release|Any CPU
		{64A38698-03D0-4CB5-AA53-467F225F0568}.Debug|Any CPU.ActiveCfg = Debug|Any CPU
		{64A38698-03D0-4CB5-AA53-467F225F0568}.Debug|Any CPU.Build.0 = Debug|Any CPU
		{64A38698-03D0-4CB5-AA53-467F225F0568}.Release|Any CPU.ActiveCfg = Release|Any CPU
		{64A38698-03D0-4CB5-AA53-467F225F0568}.Release|Any CPU.Build.0 = Release|Any CPU
		{1EA2B227-D5E9-42FD-9E7A-2F9B43ED68CD}.Debug|Any CPU.ActiveCfg = Debug|Any CPU
		{1EA2B227-D5E9-42FD-9E7A-2F9B43ED68CD}.Debug|Any CPU.Build.0 = Debug|Any CPU
		{1EA2B227-D5E9-42FD-9E7A-2F9B43ED68CD}.Release|Any CPU.ActiveCfg = Release|Any CPU
		{1EA2B227-D5E9-42FD-9E7A-2F9B43ED68CD}.Release|Any CPU.Build.0 = Release|Any CPU
		{2C573CBD-5E06-4B13-ADE9-44D2398E8523}.Debug|Any CPU.ActiveCfg = Debug|Any CPU
		{2C573CBD-5E06-4B13-ADE9-44D2398E8523}.Debug|Any CPU.Build.0 = Debug|Any CPU
		{2C573CBD-5E06-4B13-ADE9-44D2398E8523}.Release|Any CPU.ActiveCfg = Release|Any CPU
		{2C573CBD-5E06-4B13-ADE9-44D2398E8523}.Release|Any CPU.Build.0 = Release|Any CPU
		{524347EA-870A-441A-854D-40DB4C659E4F}.Debug|Any CPU.ActiveCfg = Debug|Any CPU
		{524347EA-870A-441A-854D-40DB4C659E4F}.Debug|Any CPU.Build.0 = Debug|Any CPU
		{524347EA-870A-441A-854D-40DB4C659E4F}.Release|Any CPU.ActiveCfg = Release|Any CPU
		{524347EA-870A-441A-854D-40DB4C659E4F}.Release|Any CPU.Build.0 = Release|Any CPU
	EndGlobalSection
	GlobalSection(SolutionProperties) = preSolution
		HideSolutionNode = FALSE
	EndGlobalSection
	GlobalSection(ExtensibilityGlobals) = postSolution
		SolutionGuid = {9F07386C-ED8A-427A-BDD9-546334F74717}
	EndGlobalSection
EndGlobal
