
Microsoft Visual Studio Solution File, Format Version 12.00
# Visual Studio Version 17
VisualStudioVersion = 17.7.34024.191
MinimumVisualStudioVersion = 10.0.40219.1
Project("{9A19103F-16F7-4668-BE54-9A1E7A4F7556}") = "31-RegularExpressionns", "31-RegularExpressionns\31-RegularExpressionns.csproj", "{61F5879D-A682-457D-B820-01FB16FD3514}"
EndProject
Project("{2150E333-8FDC-42A3-9474-1A3956D46DE8}") = "Lab", "Lab", "{A352909E-116C-407F-8C26-B6183F4FACFE}"
EndProject
Project("{2150E333-8FDC-42A3-9474-1A3956D46DE8}") = "Exercise", "Exercise", "{5C284D45-D58B-494E-89BF-B4DC7BC42459}"
EndProject
Project("{2150E333-8FDC-42A3-9474-1A3956D46DE8}") = "MoreExercise", "MoreExercise", "{3AD513BF-1EC7-4E28-BA7F-BF355E8510D6}"
EndProject
Project("{9A19103F-16F7-4668-BE54-9A1E7A4F7556}") = "01.MatchFullName", "01.MatchFullName\01.MatchFullName.csproj", "{116C6C0A-95A8-40F5-BF00-93409A599C43}"
EndProject
Project("{9A19103F-16F7-4668-BE54-9A1E7A4F7556}") = "02.MatchPhoneNumber", "02.MatchPhoneNumber\02.MatchPhoneNumber.csproj", "{088A2098-375F-49FD-AF7A-5A3F37DEB2A4}"
EndProject
Project("{9A19103F-16F7-4668-BE54-9A1E7A4F7556}") = "03. Match Dates", "03. Match Dates\03. Match Dates.csproj", "{2911290E-CB4B-4C6B-81E5-0BFA0DA31A99}"
EndProject
Project("{9A19103F-16F7-4668-BE54-9A1E7A4F7556}") = "01.Furniture", "01.Furniture\01.Furniture.csproj", "{4C47BE85-954E-4967-84D2-2C5019FBFE8E}"
EndProject
Project("{9A19103F-16F7-4668-BE54-9A1E7A4F7556}") = "02.Race", "02.Race\02.Race.csproj", "{C70DC31C-CCAE-4805-9420-97A779E2EBD3}"
EndProject
Project("{9A19103F-16F7-4668-BE54-9A1E7A4F7556}") = "03.SoftUniBarIncome", "03.SoftUniBarIncome\03.SoftUniBarIncome.csproj", "{1C5C77E9-D12D-42C4-B984-E5E68C1B30CE}"
EndProject
Project("{9A19103F-16F7-4668-BE54-9A1E7A4F7556}") = "06.ExtractEmails", "06.ExtractEmails\06.ExtractEmails.csproj", "{0D55196D-A7DE-485E-B484-57637A1E369D}"
EndProject
Global
	GlobalSection(SolutionConfigurationPlatforms) = preSolution
		Debug|Any CPU = Debug|Any CPU
		Release|Any CPU = Release|Any CPU
	EndGlobalSection
	GlobalSection(ProjectConfigurationPlatforms) = postSolution
		{61F5879D-A682-457D-B820-01FB16FD3514}.Debug|Any CPU.ActiveCfg = Debug|Any CPU
		{61F5879D-A682-457D-B820-01FB16FD3514}.Debug|Any CPU.Build.0 = Debug|Any CPU
		{61F5879D-A682-457D-B820-01FB16FD3514}.Release|Any CPU.ActiveCfg = Release|Any CPU
		{61F5879D-A682-457D-B820-01FB16FD3514}.Release|Any CPU.Build.0 = Release|Any CPU
		{116C6C0A-95A8-40F5-BF00-93409A599C43}.Debug|Any CPU.ActiveCfg = Debug|Any CPU
		{116C6C0A-95A8-40F5-BF00-93409A599C43}.Debug|Any CPU.Build.0 = Debug|Any CPU
		{116C6C0A-95A8-40F5-BF00-93409A599C43}.Release|Any CPU.ActiveCfg = Release|Any CPU
		{116C6C0A-95A8-40F5-BF00-93409A599C43}.Release|Any CPU.Build.0 = Release|Any CPU
		{088A2098-375F-49FD-AF7A-5A3F37DEB2A4}.Debug|Any CPU.ActiveCfg = Debug|Any CPU
		{088A2098-375F-49FD-AF7A-5A3F37DEB2A4}.Debug|Any CPU.Build.0 = Debug|Any CPU
		{088A2098-375F-49FD-AF7A-5A3F37DEB2A4}.Release|Any CPU.ActiveCfg = Release|Any CPU
		{088A2098-375F-49FD-AF7A-5A3F37DEB2A4}.Release|Any CPU.Build.0 = Release|Any CPU
		{2911290E-CB4B-4C6B-81E5-0BFA0DA31A99}.Debug|Any CPU.ActiveCfg = Debug|Any CPU
		{2911290E-CB4B-4C6B-81E5-0BFA0DA31A99}.Debug|Any CPU.Build.0 = Debug|Any CPU
		{2911290E-CB4B-4C6B-81E5-0BFA0DA31A99}.Release|Any CPU.ActiveCfg = Release|Any CPU
		{2911290E-CB4B-4C6B-81E5-0BFA0DA31A99}.Release|Any CPU.Build.0 = Release|Any CPU
		{4C47BE85-954E-4967-84D2-2C5019FBFE8E}.Debug|Any CPU.ActiveCfg = Debug|Any CPU
		{4C47BE85-954E-4967-84D2-2C5019FBFE8E}.Debug|Any CPU.Build.0 = Debug|Any CPU
		{4C47BE85-954E-4967-84D2-2C5019FBFE8E}.Release|Any CPU.ActiveCfg = Release|Any CPU
		{4C47BE85-954E-4967-84D2-2C5019FBFE8E}.Release|Any CPU.Build.0 = Release|Any CPU
		{C70DC31C-CCAE-4805-9420-97A779E2EBD3}.Debug|Any CPU.ActiveCfg = Debug|Any CPU
		{C70DC31C-CCAE-4805-9420-97A779E2EBD3}.Debug|Any CPU.Build.0 = Debug|Any CPU
		{C70DC31C-CCAE-4805-9420-97A779E2EBD3}.Release|Any CPU.ActiveCfg = Release|Any CPU
		{C70DC31C-CCAE-4805-9420-97A779E2EBD3}.Release|Any CPU.Build.0 = Release|Any CPU
		{1C5C77E9-D12D-42C4-B984-E5E68C1B30CE}.Debug|Any CPU.ActiveCfg = Debug|Any CPU
		{1C5C77E9-D12D-42C4-B984-E5E68C1B30CE}.Debug|Any CPU.Build.0 = Debug|Any CPU
		{1C5C77E9-D12D-42C4-B984-E5E68C1B30CE}.Release|Any CPU.ActiveCfg = Release|Any CPU
		{1C5C77E9-D12D-42C4-B984-E5E68C1B30CE}.Release|Any CPU.Build.0 = Release|Any CPU
		{0D55196D-A7DE-485E-B484-57637A1E369D}.Debug|Any CPU.ActiveCfg = Debug|Any CPU
		{0D55196D-A7DE-485E-B484-57637A1E369D}.Debug|Any CPU.Build.0 = Debug|Any CPU
		{0D55196D-A7DE-485E-B484-57637A1E369D}.Release|Any CPU.ActiveCfg = Release|Any CPU
		{0D55196D-A7DE-485E-B484-57637A1E369D}.Release|Any CPU.Build.0 = Release|Any CPU
	EndGlobalSection
	GlobalSection(SolutionProperties) = preSolution
		HideSolutionNode = FALSE
	EndGlobalSection
	GlobalSection(NestedProjects) = preSolution
		{116C6C0A-95A8-40F5-BF00-93409A599C43} = {A352909E-116C-407F-8C26-B6183F4FACFE}
		{088A2098-375F-49FD-AF7A-5A3F37DEB2A4} = {A352909E-116C-407F-8C26-B6183F4FACFE}
		{2911290E-CB4B-4C6B-81E5-0BFA0DA31A99} = {A352909E-116C-407F-8C26-B6183F4FACFE}
		{4C47BE85-954E-4967-84D2-2C5019FBFE8E} = {5C284D45-D58B-494E-89BF-B4DC7BC42459}
		{C70DC31C-CCAE-4805-9420-97A779E2EBD3} = {5C284D45-D58B-494E-89BF-B4DC7BC42459}
		{1C5C77E9-D12D-42C4-B984-E5E68C1B30CE} = {5C284D45-D58B-494E-89BF-B4DC7BC42459}
		{0D55196D-A7DE-485E-B484-57637A1E369D} = {5C284D45-D58B-494E-89BF-B4DC7BC42459}
	EndGlobalSection
	GlobalSection(ExtensibilityGlobals) = postSolution
		SolutionGuid = {6D8F1280-691E-41F0-81E5-CD4DE98ECA42}
	EndGlobalSection
EndGlobal
